Microsoft Visual Studio Solution File, Format Version 12.00
# Visual Studio 15
VisualStudioVersion = 15.0.26430.6
MinimumVisualStudioVersion = 15.0.26124.0
Project("{2150E333-8FDC-42A3-9474-1A3956D46DE8}") = "src", "src", "{9FC5913C-7137-480F-A2DB-BDEB1C3ACFCA}"
EndProject
Project("{9A19103F-16F7-4668-BE54-9A1E7A4F7556}") = "PlataformaDeEnsino.Core", "src\PlataformaDeEnsino.Core\PlataformaDeEnsino.Core.csproj", "{3BEA9CB4-F576-4550-8DE7-BAC70DA63867}"
EndProject
Project("{9A19103F-16F7-4668-BE54-9A1E7A4F7556}") = "PlataformaDeEnsino.Infrastructure", "src\PlataformaDeEnsino.Infrastructure\PlataformaDeEnsino.Infrastructure.csproj", "{2D620D44-FBFE-4777-BBA4-C64F8CEB1F9F}"
EndProject
Project("{9A19103F-16F7-4668-BE54-9A1E7A4F7556}") = "PlataformaDeEnsino.Application", "src\PlataformaDeEnsino.Application\PlataformaDeEnsino.Application.csproj", "{DC8FA812-B937-4AFB-B0F2-65B3B5006F08}"
EndProject
Project("{9A19103F-16F7-4668-BE54-9A1E7A4F7556}") = "PlataformaDeEnsino.Presenter", "src\PlataformaDeEnsino.Presenter\PlataformaDeEnsino.Presenter.csproj", "{4570C34A-A412-4BDA-945A-74983A11D5E2}"
EndProject
Project("{9A19103F-16F7-4668-BE54-9A1E7A4F7556}") = "PlataformaDeEnsino.Identity", "src\PlataformaDeEnsino.Identity\PlataformaDeEnsino.Identity.csproj", "{AB77FF21-E3CE-49B9-84BB-AE76102BEF7F}"
EndProject
Global
	GlobalSection(SolutionConfigurationPlatforms) = preSolution
		Debug|Any CPU = Debug|Any CPU
		Debug|x64 = Debug|x64
		Debug|x86 = Debug|x86
		Release|Any CPU = Release|Any CPU
		Release|x64 = Release|x64
		Release|x86 = Release|x86
	EndGlobalSection
	GlobalSection(ProjectConfigurationPlatforms) = postSolution
		{3BEA9CB4-F576-4550-8DE7-BAC70DA63867}.Debug|Any CPU.ActiveCfg = Debug|Any CPU
		{3BEA9CB4-F576-4550-8DE7-BAC70DA63867}.Debug|Any CPU.Build.0 = Debug|Any CPU
		{3BEA9CB4-F576-4550-8DE7-BAC70DA63867}.Debug|x64.ActiveCfg = Debug|Any CPU
		{3BEA9CB4-F576-4550-8DE7-BAC70DA63867}.Debug|x64.Build.0 = Debug|Any CPU
		{3BEA9CB4-F576-4550-8DE7-BAC70DA63867}.Debug|x86.ActiveCfg = Debug|Any CPU
		{3BEA9CB4-F576-4550-8DE7-BAC70DA63867}.Debug|x86.Build.0 = Debug|Any CPU
		{3BEA9CB4-F576-4550-8DE7-BAC70DA63867}.Release|Any CPU.ActiveCfg = Release|Any CPU
		{3BEA9CB4-F576-4550-8DE7-BAC70DA63867}.Release|Any CPU.Build.0 = Release|Any CPU
		{3BEA9CB4-F576-4550-8DE7-BAC70DA63867}.Release|x64.ActiveCfg = Release|Any CPU
		{3BEA9CB4-F576-4550-8DE7-BAC70DA63867}.Release|x64.Build.0 = Release|Any CPU
		{3BEA9CB4-F576-4550-8DE7-BAC70DA63867}.Release|x86.ActiveCfg = Release|Any CPU
		{3BEA9CB4-F576-4550-8DE7-BAC70DA63867}.Release|x86.Build.0 = Release|Any CPU
		{2D620D44-FBFE-4777-BBA4-C64F8CEB1F9F}.Debug|Any CPU.ActiveCfg = Debug|Any CPU
		{2D620D44-FBFE-4777-BBA4-C64F8CEB1F9F}.Debug|Any CPU.Build.0 = Debug|Any CPU
		{2D620D44-FBFE-4777-BBA4-C64F8CEB1F9F}.Debug|x64.ActiveCfg = Debug|Any CPU
		{2D620D44-FBFE-4777-BBA4-C64F8CEB1F9F}.Debug|x64.Build.0 = Debug|Any CPU
		{2D620D44-FBFE-4777-BBA4-C64F8CEB1F9F}.Debug|x86.ActiveCfg = Debug|Any CPU
		{2D620D44-FBFE-4777-BBA4-C64F8CEB1F9F}.Debug|x86.Build.0 = Debug|Any CPU
		{2D620D44-FBFE-4777-BBA4-C64F8CEB1F9F}.Release|Any CPU.ActiveCfg = Release|Any CPU
		{2D620D44-FBFE-4777-BBA4-C64F8CEB1F9F}.Release|Any CPU.Build.0 = Release|Any CPU
		{2D620D44-FBFE-4777-BBA4-C64F8CEB1F9F}.Release|x64.ActiveCfg = Release|Any CPU
		{2D620D44-FBFE-4777-BBA4-C64F8CEB1F9F}.Release|x64.Build.0 = Release|Any CPU
		{2D620D44-FBFE-4777-BBA4-C64F8CEB1F9F}.Release|x86.ActiveCfg = Release|Any CPU
		{2D620D44-FBFE-4777-BBA4-C64F8CEB1F9F}.Release|x86.Build.0 = Release|Any CPU
		{DC8FA812-B937-4AFB-B0F2-65B3B5006F08}.Debug|Any CPU.ActiveCfg = Debug|Any CPU
		{DC8FA812-B937-4AFB-B0F2-65B3B5006F08}.Debug|Any CPU.Build.0 = Debug|Any CPU
		{DC8FA812-B937-4AFB-B0F2-65B3B5006F08}.Debug|x64.ActiveCfg = Debug|Any CPU
		{DC8FA812-B937-4AFB-B0F2-65B3B5006F08}.Debug|x64.Build.0 = Debug|Any CPU
		{DC8FA812-B937-4AFB-B0F2-65B3B5006F08}.Debug|x86.ActiveCfg = Debug|Any CPU
		{DC8FA812-B937-4AFB-B0F2-65B3B5006F08}.Debug|x86.Build.0 = Debug|Any CPU
		{DC8FA812-B937-4AFB-B0F2-65B3B5006F08}.Release|Any CPU.ActiveCfg = Release|Any CPU
		{DC8FA812-B937-4AFB-B0F2-65B3B5006F08}.Release|Any CPU.Build.0 = Release|Any CPU
		{DC8FA812-B937-4AFB-B0F2-65B3B5006F08}.Release|x64.ActiveCfg = Release|Any CPU
		{DC8FA812-B937-4AFB-B0F2-65B3B5006F08}.Release|x64.Build.0 = Release|Any CPU
		{DC8FA812-B937-4AFB-B0F2-65B3B5006F08}.Release|x86.ActiveCfg = Release|Any CPU
		{DC8FA812-B937-4AFB-B0F2-65B3B5006F08}.Release|x86.Build.0 = Release|Any CPU
		{4570C34A-A412-4BDA-945A-74983A11D5E2}.Debug|Any CPU.ActiveCfg = Debug|Any CPU
		{4570C34A-A412-4BDA-945A-74983A11D5E2}.Debug|Any CPU.Build.0 = Debug|Any CPU
		{4570C34A-A412-4BDA-945A-74983A11D5E2}.Debug|x64.ActiveCfg = Debug|Any CPU
		{4570C34A-A412-4BDA-945A-74983A11D5E2}.Debug|x64.Build.0 = Debug|Any CPU
		{4570C34A-A412-4BDA-945A-74983A11D5E2}.Debug|x86.ActiveCfg = Debug|Any CPU
		{4570C34A-A412-4BDA-945A-74983A11D5E2}.Debug|x86.Build.0 = Debug|Any CPU
		{4570C34A-A412-4BDA-945A-74983A11D5E2}.Release|Any CPU.ActiveCfg = Release|Any CPU
		{4570C34A-A412-4BDA-945A-74983A11D5E2}.Release|Any CPU.Build.0 = Release|Any CPU
		{4570C34A-A412-4BDA-945A-74983A11D5E2}.Release|x64.ActiveCfg = Release|Any CPU
		{4570C34A-A412-4BDA-945A-74983A11D5E2}.Release|x64.Build.0 = Release|Any CPU
		{4570C34A-A412-4BDA-945A-74983A11D5E2}.Release|x86.ActiveCfg = Release|Any CPU
		{4570C34A-A412-4BDA-945A-74983A11D5E2}.Release|x86.Build.0 = Release|Any CPU
		{AB77FF21-E3CE-49B9-84BB-AE76102BEF7F}.Debug|Any CPU.ActiveCfg = Debug|Any CPU
		{AB77FF21-E3CE-49B9-84BB-AE76102BEF7F}.Debug|Any CPU.Build.0 = Debug|Any CPU
		{AB77FF21-E3CE-49B9-84BB-AE76102BEF7F}.Debug|x64.ActiveCfg = Debug|Any CPU
		{AB77FF21-E3CE-49B9-84BB-AE76102BEF7F}.Debug|x64.Build.0 = Debug|Any CPU
		{AB77FF21-E3CE-49B9-84BB-AE76102BEF7F}.Debug|x86.ActiveCfg = Debug|Any CPU
		{AB77FF21-E3CE-49B9-84BB-AE76102BEF7F}.Debug|x86.Build.0 = Debug|Any CPU
		{AB77FF21-E3CE-49B9-84BB-AE76102BEF7F}.Release|Any CPU.ActiveCfg = Release|Any CPU
		{AB77FF21-E3CE-49B9-84BB-AE76102BEF7F}.Release|Any CPU.Build.0 = Release|Any CPU
		{AB77FF21-E3CE-49B9-84BB-AE76102BEF7F}.Release|x64.ActiveCfg = Release|Any CPU
		{AB77FF21-E3CE-49B9-84BB-AE76102BEF7F}.Release|x64.Build.0 = Release|Any CPU
		{AB77FF21-E3CE-49B9-84BB-AE76102BEF7F}.Release|x86.ActiveCfg = Release|Any CPU
		{AB77FF21-E3CE-49B9-84BB-AE76102BEF7F}.Release|x86.Build.0 = Release|Any CPU
	EndGlobalSection
	GlobalSection(SolutionProperties) = preSolution
		HideSolutionNode = FALSE
	EndGlobalSection
	GlobalSection(NestedProjects) = preSolution
		{3BEA9CB4-F576-4550-8DE7-BAC70DA63867} = {9FC5913C-7137-480F-A2DB-BDEB1C3ACFCA}
		{2D620D44-FBFE-4777-BBA4-C64F8CEB1F9F} = {9FC5913C-7137-480F-A2DB-BDEB1C3ACFCA}
		{DC8FA812-B937-4AFB-B0F2-65B3B5006F08} = {9FC5913C-7137-480F-A2DB-BDEB1C3ACFCA}
		{4570C34A-A412-4BDA-945A-74983A11D5E2} = {9FC5913C-7137-480F-A2DB-BDEB1C3ACFCA}
		{AB77FF21-E3CE-49B9-84BB-AE76102BEF7F} = {9FC5913C-7137-480F-A2DB-BDEB1C3ACFCA}
	EndGlobalSection
EndGlobal
